
Microsoft Visual Studio Solution File, Format Version 12.00
# Visual Studio Version 17
VisualStudioVersion = 17.0.31717.71
MinimumVisualStudioVersion = 10.0.40219.1
Project("{FAE04EC0-301F-11D3-BF4B-00C04F79EFBC}") = "MMT-Back", "MMT-Back\MMT-Back.csproj", "{9690B5B1-007C-459F-85EE-BE853D803055}"
EndProject
Global
	GlobalSection(SolutionConfigurationPlatforms) = preSolution
		Debug|Any CPU = Debug|Any CPU
		Release|Any CPU = Release|Any CPU
	EndGlobalSection
	GlobalSection(ProjectConfigurationPlatforms) = postSolution
		{9690B5B1-007C-459F-85EE-BE853D803055}.Debug|Any CPU.ActiveCfg = Debug|Any CPU
		{9690B5B1-007C-459F-85EE-BE853D803055}.Debug|Any CPU.Build.0 = Debug|Any CPU
		{9690B5B1-007C-459F-85EE-BE853D803055}.Release|Any CPU.ActiveCfg = Release|Any CPU
		{9690B5B1-007C-459F-85EE-BE853D803055}.Release|Any CPU.Build.0 = Release|Any CPU
	EndGlobalSection
	GlobalSection(SolutionProperties) = preSolution
		HideSolutionNode = FALSE
	EndGlobalSection
	GlobalSection(ExtensibilityGlobals) = postSolution
		SolutionGuid = {D25D52DA-1A21-447A-B91F-BFFC44F7F15D}
	EndGlobalSection
EndGlobal
